
Microsoft Visual Studio Solution File, Format Version 12.00
# Visual Studio Version 16
VisualStudioVersion = 16.0.31729.503
MinimumVisualStudioVersion = 10.0.40219.1
Project("{FAE04EC0-301F-11D3-BF4B-00C04F79EFBC}") = "Goods", "Goods\Goods.csproj", "{D52CBA30-556D-4901-AE00-F7D7BC35CBA0}"
EndProject
Project("{FAE04EC0-301F-11D3-BF4B-00C04F79EFBC}") = "Goods.UnitTests", "Goods.UnitTests\Goods.UnitTests.csproj", "{7E07910A-CA65-4331-9E30-90D8D3D6542B}"
EndProject
Global
	GlobalSection(SolutionConfigurationPlatforms) = preSolution
		Debug|Any CPU = Debug|Any CPU
		Release|Any CPU = Release|Any CPU
	EndGlobalSection
	GlobalSection(ProjectConfigurationPlatforms) = postSolution
		{D52CBA30-556D-4901-AE00-F7D7BC35CBA0}.Debug|Any CPU.ActiveCfg = Debug|Any CPU
		{D52CBA30-556D-4901-AE00-F7D7BC35CBA0}.Debug|Any CPU.Build.0 = Debug|Any CPU
		{D52CBA30-556D-4901-AE00-F7D7BC35CBA0}.Release|Any CPU.ActiveCfg = Release|Any CPU
		{D52CBA30-556D-4901-AE00-F7D7BC35CBA0}.Release|Any CPU.Build.0 = Release|Any CPU
		{7E07910A-CA65-4331-9E30-90D8D3D6542B}.Debug|Any CPU.ActiveCfg = Debug|Any CPU
		{7E07910A-CA65-4331-9E30-90D8D3D6542B}.Debug|Any CPU.Build.0 = Debug|Any CPU
		{7E07910A-CA65-4331-9E30-90D8D3D6542B}.Release|Any CPU.ActiveCfg = Release|Any CPU
		{7E07910A-CA65-4331-9E30-90D8D3D6542B}.Release|Any CPU.Build.0 = Release|Any CPU
	EndGlobalSection
	GlobalSection(SolutionProperties) = preSolution
		HideSolutionNode = FALSE
	EndGlobalSection
	GlobalSection(ExtensibilityGlobals) = postSolution
		SolutionGuid = {47DAB518-FBCB-40B3-A312-A74450F52643}
	EndGlobalSection
EndGlobal
